
Microsoft Visual Studio Solution File, Format Version 12.00
Project("{FAE04EC0-301F-11D3-BF4B-00C04F79EFBC}") = "AllPermutations", "AllPermutations\AllPermutations.csproj", "{487139AE-E29D-469B-9E3F-152C4478B700}"
EndProject
Project("{FAE04EC0-301F-11D3-BF4B-00C04F79EFBC}") = "Tests", "Tests\Tests.csproj", "{45300EDF-D14B-44C6-8B2F-CC0A9711565A}"
EndProject
Project("{FAE04EC0-301F-11D3-BF4B-00C04F79EFBC}") = "BusRoutes", "BusRoutes\BusRoutes.csproj", "{ACEFB170-A826-4588-AB6F-10AA6D638C58}"
EndProject
Project("{FAE04EC0-301F-11D3-BF4B-00C04F79EFBC}") = "Cache", "Cache\Cache.csproj", "{A5BB2F34-52ED-4607-ADB5-A4515F31BDB9}"
EndProject
Global
	GlobalSection(SolutionConfigurationPlatforms) = preSolution
		Debug|Any CPU = Debug|Any CPU
		Release|Any CPU = Release|Any CPU
	EndGlobalSection
	GlobalSection(ProjectConfigurationPlatforms) = postSolution
		{487139AE-E29D-469B-9E3F-152C4478B700}.Debug|Any CPU.ActiveCfg = Debug|Any CPU
		{487139AE-E29D-469B-9E3F-152C4478B700}.Debug|Any CPU.Build.0 = Debug|Any CPU
		{487139AE-E29D-469B-9E3F-152C4478B700}.Release|Any CPU.ActiveCfg = Release|Any CPU
		{487139AE-E29D-469B-9E3F-152C4478B700}.Release|Any CPU.Build.0 = Release|Any CPU
		{45300EDF-D14B-44C6-8B2F-CC0A9711565A}.Debug|Any CPU.ActiveCfg = Debug|Any CPU
		{45300EDF-D14B-44C6-8B2F-CC0A9711565A}.Debug|Any CPU.Build.0 = Debug|Any CPU
		{45300EDF-D14B-44C6-8B2F-CC0A9711565A}.Release|Any CPU.ActiveCfg = Release|Any CPU
		{45300EDF-D14B-44C6-8B2F-CC0A9711565A}.Release|Any CPU.Build.0 = Release|Any CPU
		{ACEFB170-A826-4588-AB6F-10AA6D638C58}.Debug|Any CPU.ActiveCfg = Debug|Any CPU
		{ACEFB170-A826-4588-AB6F-10AA6D638C58}.Debug|Any CPU.Build.0 = Debug|Any CPU
		{ACEFB170-A826-4588-AB6F-10AA6D638C58}.Release|Any CPU.ActiveCfg = Release|Any CPU
		{ACEFB170-A826-4588-AB6F-10AA6D638C58}.Release|Any CPU.Build.0 = Release|Any CPU
		{A5BB2F34-52ED-4607-ADB5-A4515F31BDB9}.Debug|Any CPU.ActiveCfg = Debug|Any CPU
		{A5BB2F34-52ED-4607-ADB5-A4515F31BDB9}.Debug|Any CPU.Build.0 = Debug|Any CPU
		{A5BB2F34-52ED-4607-ADB5-A4515F31BDB9}.Release|Any CPU.ActiveCfg = Release|Any CPU
		{A5BB2F34-52ED-4607-ADB5-A4515F31BDB9}.Release|Any CPU.Build.0 = Release|Any CPU
	EndGlobalSection
EndGlobal
