
Microsoft Visual Studio Solution File, Format Version 12.00
Project("{FAE04EC0-301F-11D3-BF4B-00C04F79EFBC}") = "Tests", "Tests\Tests.csproj", "{7514E20F-51D2-41B6-A068-C6BA284DE0A2}"
EndProject
Project("{FAE04EC0-301F-11D3-BF4B-00C04F79EFBC}") = "DiceRollSolveTool", "DiceRollSolveTool\DiceRollSolveTool.csproj", "{16EA10EC-A229-4FEC-AF24-2AA11A7AB24F}"
EndProject
Project("{FAE04EC0-301F-11D3-BF4B-00C04F79EFBC}") = "RainWaterSolveTool", "RainWaterSolveTool\RainWaterSolveTool.csproj", "{313E17AB-067F-40D7-95A6-6F6A0C343E75}"
EndProject
Project("{FAE04EC0-301F-11D3-BF4B-00C04F79EFBC}") = "ImmutablePair", "ImmutablePair\ImmutablePair.csproj", "{6E4F0DB5-EDF5-4478-AEF9-CC6EE2185377}"
EndProject
Project("{FAE04EC0-301F-11D3-BF4B-00C04F79EFBC}") = "StructInheritance", "StructInheritance\StructInheritance.csproj", "{6A2452D5-B2EC-4298-9CF8-4BAF85C913A2}"
EndProject
Global
	GlobalSection(SolutionConfigurationPlatforms) = preSolution
		Debug|Any CPU = Debug|Any CPU
		Release|Any CPU = Release|Any CPU
	EndGlobalSection
	GlobalSection(ProjectConfigurationPlatforms) = postSolution
		{7514E20F-51D2-41B6-A068-C6BA284DE0A2}.Debug|Any CPU.ActiveCfg = Debug|Any CPU
		{7514E20F-51D2-41B6-A068-C6BA284DE0A2}.Debug|Any CPU.Build.0 = Debug|Any CPU
		{7514E20F-51D2-41B6-A068-C6BA284DE0A2}.Release|Any CPU.ActiveCfg = Release|Any CPU
		{7514E20F-51D2-41B6-A068-C6BA284DE0A2}.Release|Any CPU.Build.0 = Release|Any CPU
		{16EA10EC-A229-4FEC-AF24-2AA11A7AB24F}.Debug|Any CPU.ActiveCfg = Debug|Any CPU
		{16EA10EC-A229-4FEC-AF24-2AA11A7AB24F}.Debug|Any CPU.Build.0 = Debug|Any CPU
		{16EA10EC-A229-4FEC-AF24-2AA11A7AB24F}.Release|Any CPU.ActiveCfg = Release|Any CPU
		{16EA10EC-A229-4FEC-AF24-2AA11A7AB24F}.Release|Any CPU.Build.0 = Release|Any CPU
		{313E17AB-067F-40D7-95A6-6F6A0C343E75}.Debug|Any CPU.ActiveCfg = Debug|Any CPU
		{313E17AB-067F-40D7-95A6-6F6A0C343E75}.Debug|Any CPU.Build.0 = Debug|Any CPU
		{313E17AB-067F-40D7-95A6-6F6A0C343E75}.Release|Any CPU.ActiveCfg = Release|Any CPU
		{313E17AB-067F-40D7-95A6-6F6A0C343E75}.Release|Any CPU.Build.0 = Release|Any CPU
		{6E4F0DB5-EDF5-4478-AEF9-CC6EE2185377}.Debug|Any CPU.ActiveCfg = Debug|Any CPU
		{6E4F0DB5-EDF5-4478-AEF9-CC6EE2185377}.Debug|Any CPU.Build.0 = Debug|Any CPU
		{6E4F0DB5-EDF5-4478-AEF9-CC6EE2185377}.Release|Any CPU.ActiveCfg = Release|Any CPU
		{6E4F0DB5-EDF5-4478-AEF9-CC6EE2185377}.Release|Any CPU.Build.0 = Release|Any CPU
		{6A2452D5-B2EC-4298-9CF8-4BAF85C913A2}.Debug|Any CPU.ActiveCfg = Debug|Any CPU
		{6A2452D5-B2EC-4298-9CF8-4BAF85C913A2}.Debug|Any CPU.Build.0 = Debug|Any CPU
		{6A2452D5-B2EC-4298-9CF8-4BAF85C913A2}.Release|Any CPU.ActiveCfg = Release|Any CPU
		{6A2452D5-B2EC-4298-9CF8-4BAF85C913A2}.Release|Any CPU.Build.0 = Release|Any CPU
	EndGlobalSection
EndGlobal
